// !$*UTF8*$!
{
	archiveVersion = 1;
	classes = {
	};
	objectVersion = 50;
	objects = {

/* Begin PBXBuildFile section */
		57A4499F23201D33006A7691 /* AppDelegate.swift in Sources */ = {isa = PBXBuildFile; fileRef = 57A4499E23201D33006A7691 /* AppDelegate.swift */; };
		57A449A123201D33006A7691 /* ViewController.swift in Sources */ = {isa = PBXBuildFile; fileRef = 57A449A023201D33006A7691 /* ViewController.swift */; };
		57A449A423201D33006A7691 /* Main.storyboard in Resources */ = {isa = PBXBuildFile; fileRef = 57A449A223201D33006A7691 /* Main.storyboard */; };
		57A449A923201D34006A7691 /* LaunchScreen.storyboard in Resources */ = {isa = PBXBuildFile; fileRef = 57A449A723201D34006A7691 /* LaunchScreen.storyboard */; };
		57A449B423201ED3006A7691 /* Extensions+UIView.swift in Sources */ = {isa = PBXBuildFile; fileRef = 57A449B323201ED3006A7691 /* Extensions+UIView.swift */; };
		57A449B723202542006A7691 /* HomeBottomControlsStackView.swift in Sources */ = {isa = PBXBuildFile; fileRef = 57A449B623202542006A7691 /* HomeBottomControlsStackView.swift */; };
		57A449BB23202BE4006A7691 /* TopNavigationStackView.swift in Sources */ = {isa = PBXBuildFile; fileRef = 57A449BA23202BE4006A7691 /* TopNavigationStackView.swift */; };
		57A449C3232031B1006A7691 /* Assets.xcassets in Resources */ = {isa = PBXBuildFile; fileRef = 57A449C2232031B1006A7691 /* Assets.xcassets */; };
		57A449C52320332A006A7691 /* CardView.swift in Sources */ = {isa = PBXBuildFile; fileRef = 57A449C42320332A006A7691 /* CardView.swift */; };
/* End PBXBuildFile section */

/* Begin PBXFileReference section */
		57A4499B23201D33006A7691 /* Tinder Clone.app */ = {isa = PBXFileReference; explicitFileType = wrapper.application; includeInIndex = 0; path = "Tinder Clone.app"; sourceTree = BUILT_PRODUCTS_DIR; };
		57A4499E23201D33006A7691 /* AppDelegate.swift */ = {isa = PBXFileReference; lastKnownFileType = sourcecode.swift; path = AppDelegate.swift; sourceTree = "<group>"; };
		57A449A023201D33006A7691 /* ViewController.swift */ = {isa = PBXFileReference; lastKnownFileType = sourcecode.swift; path = ViewController.swift; sourceTree = "<group>"; };
		57A449A323201D33006A7691 /* Base */ = {isa = PBXFileReference; lastKnownFileType = file.storyboard; name = Base; path = Base.lproj/Main.storyboard; sourceTree = "<group>"; };
		57A449A823201D34006A7691 /* Base */ = {isa = PBXFileReference; lastKnownFileType = file.storyboard; name = Base; path = Base.lproj/LaunchScreen.storyboard; sourceTree = "<group>"; };
		57A449AA23201D34006A7691 /* Info.plist */ = {isa = PBXFileReference; lastKnownFileType = text.plist.xml; path = Info.plist; sourceTree = "<group>"; };
		57A449B323201ED3006A7691 /* Extensions+UIView.swift */ = {isa = PBXFileReference; fileEncoding = 4; lastKnownFileType = sourcecode.swift; path = "Extensions+UIView.swift"; sourceTree = "<group>"; };
		57A449B623202542006A7691 /* HomeBottomControlsStackView.swift */ = {isa = PBXFileReference; lastKnownFileType = sourcecode.swift; path = HomeBottomControlsStackView.swift; sourceTree = "<group>"; };
		57A449BA23202BE4006A7691 /* TopNavigationStackView.swift */ = {isa = PBXFileReference; lastKnownFileType = sourcecode.swift; path = TopNavigationStackView.swift; sourceTree = "<group>"; };
		57A449C2232031B1006A7691 /* Assets.xcassets */ = {isa = PBXFileReference; lastKnownFileType = folder.assetcatalog; path = Assets.xcassets; sourceTree = "<group>"; };
		57A449C42320332A006A7691 /* CardView.swift */ = {isa = PBXFileReference; lastKnownFileType = sourcecode.swift; path = CardView.swift; sourceTree = "<group>"; };
/* End PBXFileReference section */

/* Begin PBXFrameworksBuildPhase section */
		57A4499823201D33006A7691 /* Frameworks */ = {
			isa = PBXFrameworksBuildPhase;
			buildActionMask = 2147483647;
			files = (
			);
			runOnlyForDeploymentPostprocessing = 0;
		};
/* End PBXFrameworksBuildPhase section */

/* Begin PBXGroup section */
		57A4499223201D33006A7691 = {
			isa = PBXGroup;
			children = (
				57A4499D23201D33006A7691 /* Tinder Clone */,
				57A4499C23201D33006A7691 /* Products */,
			);
			sourceTree = "<group>";
		};
		57A4499C23201D33006A7691 /* Products */ = {
			isa = PBXGroup;
			children = (
				57A4499B23201D33006A7691 /* Tinder Clone.app */,
			);
			name = Products;
			sourceTree = "<group>";
		};
		57A4499D23201D33006A7691 /* Tinder Clone */ = {
			isa = PBXGroup;
			children = (
				57A449B523202508006A7691 /* Views */,
				57A449B223201EA1006A7691 /* Extensions */,
				57A4499E23201D33006A7691 /* AppDelegate.swift */,
				57A449A023201D33006A7691 /* ViewController.swift */,
				57A449C2232031B1006A7691 /* Assets.xcassets */,
				57A449A223201D33006A7691 /* Main.storyboard */,
				57A449A723201D34006A7691 /* LaunchScreen.storyboard */,
				57A449AA23201D34006A7691 /* Info.plist */,
			);
			path = "Tinder Clone";
			sourceTree = "<group>";
		};
		57A449B223201EA1006A7691 /* Extensions */ = {
			isa = PBXGroup;
			children = (
				57A449B323201ED3006A7691 /* Extensions+UIView.swift */,
			);
			path = Extensions;
			sourceTree = "<group>";
		};
		57A449B523202508006A7691 /* Views */ = {
			isa = PBXGroup;
			children = (
				57A449BA23202BE4006A7691 /* TopNavigationStackView.swift */,
				57A449B623202542006A7691 /* HomeBottomControlsStackView.swift */,
				57A449C42320332A006A7691 /* CardView.swift */,
			);
			path = Views;
			sourceTree = "<group>";
		};
/* End PBXGroup section */

/* Begin PBXNativeTarget section */
		57A4499A23201D33006A7691 /* Tinder Clone */ = {
			isa = PBXNativeTarget;
			buildConfigurationList = 57A449AD23201D34006A7691 /* Build configuration list for PBXNativeTarget "Tinder Clone" */;
			buildPhases = (
				57A4499723201D33006A7691 /* Sources */,
				57A4499823201D33006A7691 /* Frameworks */,
				57A4499923201D33006A7691 /* Resources */,
			);
			buildRules = (
			);
			dependencies = (
			);
			name = "Tinder Clone";
			productName = "Tinder Clone";
			productReference = 57A4499B23201D33006A7691 /* Tinder Clone.app */;
			productType = "com.apple.product-type.application";
		};
/* End PBXNativeTarget section */

/* Begin PBXProject section */
		57A4499323201D33006A7691 /* Project object */ = {
			isa = PBXProject;
			attributes = {
				LastSwiftUpdateCheck = 1010;
				LastUpgradeCheck = 1010;
				ORGANIZATIONNAME = "Michael Kampouris";
				TargetAttributes = {
					57A4499A23201D33006A7691 = {
						CreatedOnToolsVersion = 10.1;
					};
				};
			};
			buildConfigurationList = 57A4499623201D33006A7691 /* Build configuration list for PBXProject "Tinder Clone" */;
			compatibilityVersion = "Xcode 9.3";
			developmentRegion = en;
			hasScannedForEncodings = 0;
			knownRegions = (
				en,
				Base,
			);
			mainGroup = 57A4499223201D33006A7691;
			productRefGroup = 57A4499C23201D33006A7691 /* Products */;
			projectDirPath = "";
			projectRoot = "";
			targets = (
				57A4499A23201D33006A7691 /* Tinder Clone */,
			);
		};
/* End PBXProject section */

/* Begin PBXResourcesBuildPhase section */
		57A4499923201D33006A7691 /* Resources */ = {
			isa = PBXResourcesBuildPhase;
			buildActionMask = 2147483647;
			files = (
				57A449A923201D34006A7691 /* LaunchScreen.storyboard in Resources */,
				57A449C3232031B1006A7691 /* Assets.xcassets in Resources */,
				57A449A423201D33006A7691 /* Main.storyboard in Resources */,
			);
			runOnlyForDeploymentPostprocessing = 0;
		};
/* End PBXResourcesBuildPhase section */

/* Begin PBXSourcesBuildPhase section */
		57A4499723201D33006A7691 /* Sources */ = {
			isa = PBXSourcesBuildPhase;
			buildActionMask = 2147483647;
			files = (
				57A449A123201D33006A7691 /* ViewController.swift in Sources */,
				57A449B723202542006A7691 /* HomeBottomControlsStackView.swift in Sources */,
				57A449B423201ED3006A7691 /* Extensions+UIView.swift in Sources */,
				57A4499F23201D33006A7691 /* AppDelegate.swift in Sources */,
				57A449C52320332A006A7691 /* CardView.swift in Sources */,
				57A449BB23202BE4006A7691 /* TopNavigationStackView.swift in Sources */,
			);
			runOnlyForDeploymentPostprocessing = 0;
		};
/* End PBXSourcesBuildPhase section */

/* Begin PBXVariantGroup section */
		57A449A223201D33006A7691 /* Main.storyboard */ = {
			isa = PBXVariantGroup;
			children = (
				57A449A323201D33006A7691 /* Base */,
			);
			name = Main.storyboard;
			sourceTree = "<group>";
		};
		57A449A723201D34006A7691 /* LaunchScreen.storyboard */ = {
			isa = PBXVariantGroup;
			children = (
				57A449A823201D34006A7691 /* Base */,
			);
			name = LaunchScreen.storyboard;
			sourceTree = "<group>";
		};
/* End PBXVariantGroup section */

/* Begin XCBuildConfiguration section */
		57A449AB23201D34006A7691 /* Debug */ = {
			isa = XCBuildConfiguration;
			buildSettings = {
				ALWAYS_SEARCH_USER_PATHS = NO;
				CLANG_ANALYZER_NONNULL = YES;
				CLANG_ANALYZER_NUMBER_OBJECT_CONVERSION = YES_AGGRESSIVE;
				CLANG_CXX_LANGUAGE_STANDARD = "gnu++14";
				CLANG_CXX_LIBRARY = "libc++";
				CLANG_ENABLE_MODULES = YES;
				CLANG_ENABLE_OBJC_ARC = YES;
				CLANG_ENABLE_OBJC_WEAK = YES;
				CLANG_WARN_BLOCK_CAPTURE_AUTORELEASING = YES;
				CLANG_WARN_BOOL_CONVERSION = YES;
				CLANG_WARN_COMMA = YES;
				CLANG_WARN_CONSTANT_CONVERSION = YES;
				CLANG_WARN_DEPRECATED_OBJC_IMPLEMENTATIONS = YES;
				CLANG_WARN_DIRECT_OBJC_ISA_USAGE = YES_ERROR;
				CLANG_WARN_DOCUMENTATION_COMMENTS = YES;
				CLANG_WARN_EMPTY_BODY = YES;
				CLANG_WARN_ENUM_CONVERSION = YES;
				CLANG_WARN_INFINITE_RECURSION = YES;
				CLANG_WARN_INT_CONVERSION = YES;
				CLANG_WARN_NON_LITERAL_NULL_CONVERSION = YES;
				CLANG_WARN_OBJC_IMPLICIT_RETAIN_SELF = YES;
				CLANG_WARN_OBJC_LITERAL_CONVERSION = YES;
				CLANG_WARN_OBJC_ROOT_CLASS = YES_ERROR;
				CLANG_WARN_RANGE_LOOP_ANALYSIS = YES;
				CLANG_WARN_STRICT_PROTOTYPES = YES;
				CLANG_WARN_SUSPICIOUS_MOVE = YES;
				CLANG_WARN_UNGUARDED_AVAILABILITY = YES_AGGRESSIVE;
				CLANG_WARN_UNREACHABLE_CODE = YES;
				CLANG_WARN__DUPLICATE_METHOD_MATCH = YES;
				CODE_SIGN_IDENTITY = "iPhone Developer";
				COPY_PHASE_STRIP = NO;
				DEBUG_INFORMATION_FORMAT = dwarf;
				ENABLE_STRICT_OBJC_MSGSEND = YES;
				ENABLE_TESTABILITY = YES;
				GCC_C_LANGUAGE_STANDARD = gnu11;
				GCC_DYNAMIC_NO_PIC = NO;
				GCC_NO_COMMON_BLOCKS = YES;
				GCC_OPTIMIZATION_LEVEL = 0;
				GCC_PREPROCESSOR_DEFINITIONS = (
					"DEBUG=1",
					"$(inherited)",
				);
				GCC_WARN_64_TO_32_BIT_CONVERSION = YES;
				GCC_WARN_ABOUT_RETURN_TYPE = YES_ERROR;
				GCC_WARN_UNDECLARED_SELECTOR = YES;
				GCC_WARN_UNINITIALIZED_AUTOS = YES_AGGRESSIVE;
				GCC_WARN_UNUSED_FUNCTION = YES;
				GCC_WARN_UNUSED_VARIABLE = YES;
				IPHONEOS_DEPLOYMENT_TARGET = 12.1;
				MTL_ENABLE_DEBUG_INFO = INCLUDE_SOURCE;
				MTL_FAST_MATH = YES;
				ONLY_ACTIVE_ARCH = YES;
				SDKROOT = iphoneos;
				SWIFT_ACTIVE_COMPILATION_CONDITIONS = DEBUG;
				SWIFT_OPTIMIZATION_LEVEL = "-Onone";
			};
			name = Debug;
		};
		57A449AC23201D34006A7691 /* Release */ = {
			isa = XCBuildConfiguration;
			buildSettings = {
				ALWAYS_SEARCH_USER_PATHS = NO;
				CLANG_ANALYZER_NONNULL = YES;
				CLANG_ANALYZER_NUMBER_OBJECT_CONVERSION = YES_AGGRESSIVE;
				CLANG_CXX_LANGUAGE_STANDARD = "gnu++14";
				CLANG_CXX_LIBRARY = "libc++";
				CLANG_ENABLE_MODULES = YES;
				CLANG_ENABLE_OBJC_ARC = YES;
				CLANG_ENABLE_OBJC_WEAK = YES;
				CLANG_WARN_BLOCK_CAPTURE_AUTORELEASING = YES;
				CLANG_WARN_BOOL_CONVERSION = YES;
				CLANG_WARN_COMMA = YES;
				CLANG_WARN_CONSTANT_CONVERSION = YES;
				CLANG_WARN_DEPRECATED_OBJC_IMPLEMENTATIONS = YES;
				CLANG_WARN_DIRECT_OBJC_ISA_USAGE = YES_ERROR;
				CLANG_WARN_DOCUMENTATION_COMMENTS = YES;
				CLANG_WARN_EMPTY_BODY = YES;
				CLANG_WARN_ENUM_CONVERSION = YES;
				CLANG_WARN_INFINITE_RECURSION = YES;
				CLANG_WARN_INT_CONVERSION = YES;
				CLANG_WARN_NON_LITERAL_NULL_CONVERSION = YES;
				CLANG_WARN_OBJC_IMPLICIT_RETAIN_SELF = YES;
				CLANG_WARN_OBJC_LITERAL_CONVERSION = YES;
				CLANG_WARN_OBJC_ROOT_CLASS = YES_ERROR;
				CLANG_WARN_RANGE_LOOP_ANALYSIS = YES;
				CLANG_WARN_STRICT_PROTOTYPES = YES;
				CLANG_WARN_SUSPICIOUS_MOVE = YES;
				CLANG_WARN_UNGUARDED_AVAILABILITY = YES_AGGRESSIVE;
				CLANG_WARN_UNREACHABLE_CODE = YES;
				CLANG_WARN__DUPLICATE_METHOD_MATCH = YES;
				CODE_SIGN_IDENTITY = "iPhone Developer";
				COPY_PHASE_STRIP = NO;
				DEBUG_INFORMATION_FORMAT = "dwarf-with-dsym";
				ENABLE_NS_ASSERTIONS = NO;
				ENABLE_STRICT_OBJC_MSGSEND = YES;
				GCC_C_LANGUAGE_STANDARD = gnu11;
				GCC_NO_COMMON_BLOCKS = YES;
				GCC_WARN_64_TO_32_BIT_CONVERSION = YES;
				GCC_WARN_ABOUT_RETURN_TYPE = YES_ERROR;
				GCC_WARN_UNDECLARED_SELECTOR = YES;
				GCC_WARN_UNINITIALIZED_AUTOS = YES_AGGRESSIVE;
				GCC_WARN_UNUSED_FUNCTION = YES;
				GCC_WARN_UNUSED_VARIABLE = YES;
				IPHONEOS_DEPLOYMENT_TARGET = 12.1;
				MTL_ENABLE_DEBUG_INFO = NO;
				MTL_FAST_MATH = YES;
				SDKROOT = iphoneos;
				SWIFT_COMPILATION_MODE = wholemodule;
				SWIFT_OPTIMIZATION_LEVEL = "-O";
				VALIDATE_PRODUCT = YES;
			};
			name = Release;
		};
		57A449AE23201D34006A7691 /* Debug */ = {
			isa = XCBuildConfiguration;
			buildSettings = {
				ASSETCATALOG_COMPILER_APPICON_NAME = AppIcon;
				CODE_SIGN_STYLE = Automatic;
				DEVELOPMENT_TEAM = L2LP5P6TWN;
				INFOPLIST_FILE = "Tinder Clone/Info.plist";
				LD_RUNPATH_SEARCH_PATHS = (
					"$(inherited)",
					"@executable_path/Frameworks",
				);
				PRODUCT_BUNDLE_IDENTIFIER = "com.MikeKamp.Tinder-Clone";
				PRODUCT_NAME = "$(TARGET_NAME)";
				SWIFT_VERSION = 4.2;
				TARGETED_DEVICE_FAMILY = "1,2";
			};
			name = Debug;
		};
		57A449AF23201D34006A7691 /* Release */ = {
			isa = XCBuildConfiguration;
			buildSettings = {
				ASSETCATALOG_COMPILER_APPICON_NAME = AppIcon;
				CODE_SIGN_STYLE = Automatic;
				DEVELOPMENT_TEAM = L2LP5P6TWN;
				INFOPLIST_FILE = "Tinder Clone/Info.plist";
				LD_RUNPATH_SEARCH_PATHS = (
					"$(inherited)",
					"@executable_path/Frameworks",
				);
				PRODUCT_BUNDLE_IDENTIFIER = "com.MikeKamp.Tinder-Clone";
				PRODUCT_NAME = "$(TARGET_NAME)";
				SWIFT_VERSION = 4.2;
				TARGETED_DEVICE_FAMILY = "1,2";
			};
			name = Release;
		};
/* End XCBuildConfiguration section */

/* Begin XCConfigurationList section */
		57A4499623201D33006A7691 /* Build configuration list for PBXProject "Tinder Clone" */ = {
			isa = XCConfigurationList;
			buildConfigurations = (
				57A449AB23201D34006A7691 /* Debug */,
				57A449AC23201D34006A7691 /* Release */,
			);
			defaultConfigurationIsVisible = 0;
			defaultConfigurationName = Release;
		};
		57A449AD23201D34006A7691 /* Build configuration list for PBXNativeTarget "Tinder Clone" */ = {
			isa = XCConfigurationList;
			buildConfigurations = (
				57A449AE23201D34006A7691 /* Debug */,
				57A449AF23201D34006A7691 /* Release */,
			);
			defaultConfigurationIsVisible = 0;
			defaultConfigurationName = Release;
		};
/* End XCConfigurationList section */
	};
	rootObject = 57A4499323201D33006A7691 /* Project object */;
}
